
Microsoft Visual Studio Solution File, Format Version 12.00
# Visual Studio 14
VisualStudioVersion = 14.0.25420.1
MinimumVisualStudioVersion = 10.0.40219.1
Project("{FAE04EC0-301F-11D3-BF4B-00C04F79EFBC}") = "Cats.Android", "Cats\Cats.Android\Cats.Android.csproj", "{EE69CA7B-65DE-4F16-BF16-5FA5590509EB}"
EndProject
Project("{FAE04EC0-301F-11D3-BF4B-00C04F79EFBC}") = "Cats", "Cats\Cats\Cats.csproj", "{D9829CA5-42D7-4A8A-9996-57E8E97BE648}"
EndProject
Project("{FAE04EC0-301F-11D3-BF4B-00C04F79EFBC}") = "Cats.UWP", "Cats\Cats.UWP\Cats.UWP.csproj", "{789E5B13-AAA6-45B0-97C4-877690270ED8}"
EndProject
Project("{FAE04EC0-301F-11D3-BF4B-00C04F79EFBC}") = "Cats.iOS", "Cats\Cats.iOS\Cats.iOS.csproj", "{1793FDAE-B9ED-4801-932E-019DED38F8DE}"
EndProject
Global
	GlobalSection(SolutionConfigurationPlatforms) = preSolution
		Ad-Hoc|Any CPU = Ad-Hoc|Any CPU
		Ad-Hoc|ARM = Ad-Hoc|ARM
		Ad-Hoc|iPhone = Ad-Hoc|iPhone
		Ad-Hoc|iPhoneSimulator = Ad-Hoc|iPhoneSimulator
		Ad-Hoc|x64 = Ad-Hoc|x64
		Ad-Hoc|x86 = Ad-Hoc|x86
		AppStore|Any CPU = AppStore|Any CPU
		AppStore|ARM = AppStore|ARM
		AppStore|iPhone = AppStore|iPhone
		AppStore|iPhoneSimulator = AppStore|iPhoneSimulator
		AppStore|x64 = AppStore|x64
		AppStore|x86 = AppStore|x86
		Debug|Any CPU = Debug|Any CPU
		Debug|ARM = Debug|ARM
		Debug|iPhone = Debug|iPhone
		Debug|iPhoneSimulator = Debug|iPhoneSimulator
		Debug|x64 = Debug|x64
		Debug|x86 = Debug|x86
		Release|Any CPU = Release|Any CPU
		Release|ARM = Release|ARM
		Release|iPhone = Release|iPhone
		Release|iPhoneSimulator = Release|iPhoneSimulator
		Release|x64 = Release|x64
		Release|x86 = Release|x86
	EndGlobalSection
	GlobalSection(ProjectConfigurationPlatforms) = postSolution
		{EE69CA7B-65DE-4F16-BF16-5FA5590509EB}.Ad-Hoc|Any CPU.ActiveCfg = Release|Any CPU
		{EE69CA7B-65DE-4F16-BF16-5FA5590509EB}.Ad-Hoc|Any CPU.Build.0 = Release|Any CPU
		{EE69CA7B-65DE-4F16-BF16-5FA5590509EB}.Ad-Hoc|Any CPU.Deploy.0 = Release|Any CPU
		{EE69CA7B-65DE-4F16-BF16-5FA5590509EB}.Ad-Hoc|ARM.ActiveCfg = Release|Any CPU
		{EE69CA7B-65DE-4F16-BF16-5FA5590509EB}.Ad-Hoc|ARM.Build.0 = Release|Any CPU
		{EE69CA7B-65DE-4F16-BF16-5FA5590509EB}.Ad-Hoc|ARM.Deploy.0 = Release|Any CPU
		{EE69CA7B-65DE-4F16-BF16-5FA5590509EB}.Ad-Hoc|iPhone.ActiveCfg = Release|Any CPU
		{EE69CA7B-65DE-4F16-BF16-5FA5590509EB}.Ad-Hoc|iPhone.Build.0 = Release|Any CPU
		{EE69CA7B-65DE-4F16-BF16-5FA5590509EB}.Ad-Hoc|iPhone.Deploy.0 = Release|Any CPU
		{EE69CA7B-65DE-4F16-BF16-5FA5590509EB}.Ad-Hoc|iPhoneSimulator.ActiveCfg = Release|Any CPU
		{EE69CA7B-65DE-4F16-BF16-5FA5590509EB}.Ad-Hoc|iPhoneSimulator.Build.0 = Release|Any CPU
		{EE69CA7B-65DE-4F16-BF16-5FA5590509EB}.Ad-Hoc|iPhoneSimulator.Deploy.0 = Release|Any CPU
		{EE69CA7B-65DE-4F16-BF16-5FA5590509EB}.Ad-Hoc|x64.ActiveCfg = Release|Any CPU
		{EE69CA7B-65DE-4F16-BF16-5FA5590509EB}.Ad-Hoc|x64.Build.0 = Release|Any CPU
		{EE69CA7B-65DE-4F16-BF16-5FA5590509EB}.Ad-Hoc|x64.Deploy.0 = Release|Any CPU
		{EE69CA7B-65DE-4F16-BF16-5FA5590509EB}.Ad-Hoc|x86.ActiveCfg = Release|Any CPU
		{EE69CA7B-65DE-4F16-BF16-5FA5590509EB}.Ad-Hoc|x86.Build.0 = Release|Any CPU
		{EE69CA7B-65DE-4F16-BF16-5FA5590509EB}.Ad-Hoc|x86.Deploy.0 = Release|Any CPU
		{EE69CA7B-65DE-4F16-BF16-5FA5590509EB}.AppStore|Any CPU.ActiveCfg = Release|Any CPU
		{EE69CA7B-65DE-4F16-BF16-5FA5590509EB}.AppStore|Any CPU.Build.0 = Release|Any CPU
		{EE69CA7B-65DE-4F16-BF16-5FA5590509EB}.AppStore|Any CPU.Deploy.0 = Release|Any CPU
		{EE69CA7B-65DE-4F16-BF16-5FA5590509EB}.AppStore|ARM.ActiveCfg = Release|Any CPU
		{EE69CA7B-65DE-4F16-BF16-5FA5590509EB}.AppStore|ARM.Build.0 = Release|Any CPU
		{EE69CA7B-65DE-4F16-BF16-5FA5590509EB}.AppStore|ARM.Deploy.0 = Release|Any CPU
		{EE69CA7B-65DE-4F16-BF16-5FA5590509EB}.AppStore|iPhone.ActiveCfg = Release|Any CPU
		{EE69CA7B-65DE-4F16-BF16-5FA5590509EB}.AppStore|iPhone.Build.0 = Release|Any CPU
		{EE69CA7B-65DE-4F16-BF16-5FA5590509EB}.AppStore|iPhone.Deploy.0 = Release|Any CPU
		{EE69CA7B-65DE-4F16-BF16-5FA5590509EB}.AppStore|iPhoneSimulator.ActiveCfg = Release|Any CPU
		{EE69CA7B-65DE-4F16-BF16-5FA5590509EB}.AppStore|iPhoneSimulator.Build.0 = Release|Any CPU
		{EE69CA7B-65DE-4F16-BF16-5FA5590509EB}.AppStore|iPhoneSimulator.Deploy.0 = Release|Any CPU
		{EE69CA7B-65DE-4F16-BF16-5FA5590509EB}.AppStore|x64.ActiveCfg = Release|Any CPU
		{EE69CA7B-65DE-4F16-BF16-5FA5590509EB}.AppStore|x64.Build.0 = Release|Any CPU
		{EE69CA7B-65DE-4F16-BF16-5FA5590509EB}.AppStore|x64.Deploy.0 = Release|Any CPU
		{EE69CA7B-65DE-4F16-BF16-5FA5590509EB}.AppStore|x86.ActiveCfg = Release|Any CPU
		{EE69CA7B-65DE-4F16-BF16-5FA5590509EB}.AppStore|x86.Build.0 = Release|Any CPU
		{EE69CA7B-65DE-4F16-BF16-5FA5590509EB}.AppStore|x86.Deploy.0 = Release|Any CPU
		{EE69CA7B-65DE-4F16-BF16-5FA5590509EB}.Debug|Any CPU.ActiveCfg = Debug|Any CPU
		{EE69CA7B-65DE-4F16-BF16-5FA5590509EB}.Debug|Any CPU.Build.0 = Debug|Any CPU
		{EE69CA7B-65DE-4F16-BF16-5FA5590509EB}.Debug|Any CPU.Deploy.0 = Debug|Any CPU
		{EE69CA7B-65DE-4F16-BF16-5FA5590509EB}.Debug|ARM.ActiveCfg = Debug|Any CPU
		{EE69CA7B-65DE-4F16-BF16-5FA5590509EB}.Debug|ARM.Build.0 = Debug|Any CPU
		{EE69CA7B-65DE-4F16-BF16-5FA5590509EB}.Debug|ARM.Deploy.0 = Debug|Any CPU
		{EE69CA7B-65DE-4F16-BF16-5FA5590509EB}.Debug|iPhone.ActiveCfg = Debug|Any CPU
		{EE69CA7B-65DE-4F16-BF16-5FA5590509EB}.Debug|iPhone.Build.0 = Debug|Any CPU
		{EE69CA7B-65DE-4F16-BF16-5FA5590509EB}.Debug|iPhone.Deploy.0 = Debug|Any CPU
		{EE69CA7B-65DE-4F16-BF16-5FA5590509EB}.Debug|iPhoneSimulator.ActiveCfg = Debug|Any CPU
		{EE69CA7B-65DE-4F16-BF16-5FA5590509EB}.Debug|iPhoneSimulator.Build.0 = Debug|Any CPU
		{EE69CA7B-65DE-4F16-BF16-5FA5590509EB}.Debug|iPhoneSimulator.Deploy.0 = Debug|Any CPU
		{EE69CA7B-65DE-4F16-BF16-5FA5590509EB}.Debug|x64.ActiveCfg = Debug|Any CPU
		{EE69CA7B-65DE-4F16-BF16-5FA5590509EB}.Debug|x64.Build.0 = Debug|Any CPU
		{EE69CA7B-65DE-4F16-BF16-5FA5590509EB}.Debug|x64.Deploy.0 = Debug|Any CPU
		{EE69CA7B-65DE-4F16-BF16-5FA5590509EB}.Debug|x86.ActiveCfg = Debug|Any CPU
		{EE69CA7B-65DE-4F16-BF16-5FA5590509EB}.Debug|x86.Build.0 = Debug|Any CPU
		{EE69CA7B-65DE-4F16-BF16-5FA5590509EB}.Debug|x86.Deploy.0 = Debug|Any CPU
		{EE69CA7B-65DE-4F16-BF16-5FA5590509EB}.Release|Any CPU.ActiveCfg = Release|Any CPU
		{EE69CA7B-65DE-4F16-BF16-5FA5590509EB}.Release|Any CPU.Build.0 = Release|Any CPU
		{EE69CA7B-65DE-4F16-BF16-5FA5590509EB}.Release|Any CPU.Deploy.0 = Release|Any CPU
		{EE69CA7B-65DE-4F16-BF16-5FA5590509EB}.Release|ARM.ActiveCfg = Release|Any CPU
		{EE69CA7B-65DE-4F16-BF16-5FA5590509EB}.Release|ARM.Build.0 = Release|Any CPU
		{EE69CA7B-65DE-4F16-BF16-5FA5590509EB}.Release|ARM.Deploy.0 = Release|Any CPU
		{EE69CA7B-65DE-4F16-BF16-5FA5590509EB}.Release|iPhone.ActiveCfg = Release|Any CPU
		{EE69CA7B-65DE-4F16-BF16-5FA5590509EB}.Release|iPhone.Build.0 = Release|Any CPU
		{EE69CA7B-65DE-4F16-BF16-5FA5590509EB}.Release|iPhone.Deploy.0 = Release|Any CPU
		{EE69CA7B-65DE-4F16-BF16-5FA5590509EB}.Release|iPhoneSimulator.ActiveCfg = Release|Any CPU
		{EE69CA7B-65DE-4F16-BF16-5FA5590509EB}.Release|iPhoneSimulator.Build.0 = Release|Any CPU
		{EE69CA7B-65DE-4F16-BF16-5FA5590509EB}.Release|iPhoneSimulator.Deploy.0 = Release|Any CPU
		{EE69CA7B-65DE-4F16-BF16-5FA5590509EB}.Release|x64.ActiveCfg = Release|Any CPU
		{EE69CA7B-65DE-4F16-BF16-5FA5590509EB}.Release|x64.Build.0 = Release|Any CPU
		{EE69CA7B-65DE-4F16-BF16-5FA5590509EB}.Release|x64.Deploy.0 = Release|Any CPU
		{EE69CA7B-65DE-4F16-BF16-5FA5590509EB}.Release|x86.ActiveCfg = Release|Any CPU
		{EE69CA7B-65DE-4F16-BF16-5FA5590509EB}.Release|x86.Build.0 = Release|Any CPU
		{EE69CA7B-65DE-4F16-BF16-5FA5590509EB}.Release|x86.Deploy.0 = Release|Any CPU
		{D9829CA5-42D7-4A8A-9996-57E8E97BE648}.Ad-Hoc|Any CPU.ActiveCfg = Release|Any CPU
		{D9829CA5-42D7-4A8A-9996-57E8E97BE648}.Ad-Hoc|Any CPU.Build.0 = Release|Any CPU
		{D9829CA5-42D7-4A8A-9996-57E8E97BE648}.Ad-Hoc|ARM.ActiveCfg = Release|Any CPU
		{D9829CA5-42D7-4A8A-9996-57E8E97BE648}.Ad-Hoc|ARM.Build.0 = Release|Any CPU
		{D9829CA5-42D7-4A8A-9996-57E8E97BE648}.Ad-Hoc|iPhone.ActiveCfg = Release|Any CPU
		{D9829CA5-42D7-4A8A-9996-57E8E97BE648}.Ad-Hoc|iPhone.Build.0 = Release|Any CPU
		{D9829CA5-42D7-4A8A-9996-57E8E97BE648}.Ad-Hoc|iPhoneSimulator.ActiveCfg = Release|Any CPU
		{D9829CA5-42D7-4A8A-9996-57E8E97BE648}.Ad-Hoc|iPhoneSimulator.Build.0 = Release|Any CPU
		{D9829CA5-42D7-4A8A-9996-57E8E97BE648}.Ad-Hoc|x64.ActiveCfg = Release|Any CPU
		{D9829CA5-42D7-4A8A-9996-57E8E97BE648}.Ad-Hoc|x64.Build.0 = Release|Any CPU
		{D9829CA5-42D7-4A8A-9996-57E8E97BE648}.Ad-Hoc|x86.ActiveCfg = Release|Any CPU
		{D9829CA5-42D7-4A8A-9996-57E8E97BE648}.Ad-Hoc|x86.Build.0 = Release|Any CPU
		{D9829CA5-42D7-4A8A-9996-57E8E97BE648}.AppStore|Any CPU.ActiveCfg = Release|Any CPU
		{D9829CA5-42D7-4A8A-9996-57E8E97BE648}.AppStore|Any CPU.Build.0 = Release|Any CPU
		{D9829CA5-42D7-4A8A-9996-57E8E97BE648}.AppStore|ARM.ActiveCfg = Release|Any CPU
		{D9829CA5-42D7-4A8A-9996-57E8E97BE648}.AppStore|ARM.Build.0 = Release|Any CPU
		{D9829CA5-42D7-4A8A-9996-57E8E97BE648}.AppStore|iPhone.ActiveCfg = Release|Any CPU
		{D9829CA5-42D7-4A8A-9996-57E8E97BE648}.AppStore|iPhone.Build.0 = Release|Any CPU
		{D9829CA5-42D7-4A8A-9996-57E8E97BE648}.AppStore|iPhoneSimulator.ActiveCfg = Release|Any CPU
		{D9829CA5-42D7-4A8A-9996-57E8E97BE648}.AppStore|iPhoneSimulator.Build.0 = Release|Any CPU
		{D9829CA5-42D7-4A8A-9996-57E8E97BE648}.AppStore|x64.ActiveCfg = Release|Any CPU
		{D9829CA5-42D7-4A8A-9996-57E8E97BE648}.AppStore|x64.Build.0 = Release|Any CPU
		{D9829CA5-42D7-4A8A-9996-57E8E97BE648}.AppStore|x86.ActiveCfg = Release|Any CPU
		{D9829CA5-42D7-4A8A-9996-57E8E97BE648}.AppStore|x86.Build.0 = Release|Any CPU
		{D9829CA5-42D7-4A8A-9996-57E8E97BE648}.Debug|Any CPU.ActiveCfg = Debug|Any CPU
		{D9829CA5-42D7-4A8A-9996-57E8E97BE648}.Debug|Any CPU.Build.0 = Debug|Any CPU
		{D9829CA5-42D7-4A8A-9996-57E8E97BE648}.Debug|ARM.ActiveCfg = Debug|Any CPU
		{D9829CA5-42D7-4A8A-9996-57E8E97BE648}.Debug|ARM.Build.0 = Debug|Any CPU
		{D9829CA5-42D7-4A8A-9996-57E8E97BE648}.Debug|iPhone.ActiveCfg = Debug|Any CPU
		{D9829CA5-42D7-4A8A-9996-57E8E97BE648}.Debug|iPhone.Build.0 = Debug|Any CPU
		{D9829CA5-42D7-4A8A-9996-57E8E97BE648}.Debug|iPhoneSimulator.ActiveCfg = Debug|Any CPU
		{D9829CA5-42D7-4A8A-9996-57E8E97BE648}.Debug|iPhoneSimulator.Build.0 = Debug|Any CPU
		{D9829CA5-42D7-4A8A-9996-57E8E97BE648}.Debug|x64.ActiveCfg = Debug|Any CPU
		{D9829CA5-42D7-4A8A-9996-57E8E97BE648}.Debug|x64.Build.0 = Debug|Any CPU
		{D9829CA5-42D7-4A8A-9996-57E8E97BE648}.Debug|x86.ActiveCfg = Debug|Any CPU
		{D9829CA5-42D7-4A8A-9996-57E8E97BE648}.Debug|x86.Build.0 = Debug|Any CPU
		{D9829CA5-42D7-4A8A-9996-57E8E97BE648}.Release|Any CPU.ActiveCfg = Release|Any CPU
		{D9829CA5-42D7-4A8A-9996-57E8E97BE648}.Release|Any CPU.Build.0 = Release|Any CPU
		{D9829CA5-42D7-4A8A-9996-57E8E97BE648}.Release|ARM.ActiveCfg = Release|Any CPU
		{D9829CA5-42D7-4A8A-9996-57E8E97BE648}.Release|ARM.Build.0 = Release|Any CPU
		{D9829CA5-42D7-4A8A-9996-57E8E97BE648}.Release|iPhone.ActiveCfg = Release|Any CPU
		{D9829CA5-42D7-4A8A-9996-57E8E97BE648}.Release|iPhone.Build.0 = Release|Any CPU
		{D9829CA5-42D7-4A8A-9996-57E8E97BE648}.Release|iPhoneSimulator.ActiveCfg = Release|Any CPU
		{D9829CA5-42D7-4A8A-9996-57E8E97BE648}.Release|iPhoneSimulator.Build.0 = Release|Any CPU
		{D9829CA5-42D7-4A8A-9996-57E8E97BE648}.Release|x64.ActiveCfg = Release|Any CPU
		{D9829CA5-42D7-4A8A-9996-57E8E97BE648}.Release|x64.Build.0 = Release|Any CPU
		{D9829CA5-42D7-4A8A-9996-57E8E97BE648}.Release|x86.ActiveCfg = Release|Any CPU
		{D9829CA5-42D7-4A8A-9996-57E8E97BE648}.Release|x86.Build.0 = Release|Any CPU
		{789E5B13-AAA6-45B0-97C4-877690270ED8}.Ad-Hoc|Any CPU.ActiveCfg = Release|x86
		{789E5B13-AAA6-45B0-97C4-877690270ED8}.Ad-Hoc|Any CPU.Build.0 = Release|x86
		{789E5B13-AAA6-45B0-97C4-877690270ED8}.Ad-Hoc|Any CPU.Deploy.0 = Release|x86
		{789E5B13-AAA6-45B0-97C4-877690270ED8}.Ad-Hoc|ARM.ActiveCfg = Release|ARM
		{789E5B13-AAA6-45B0-97C4-877690270ED8}.Ad-Hoc|ARM.Build.0 = Release|ARM
		{789E5B13-AAA6-45B0-97C4-877690270ED8}.Ad-Hoc|ARM.Deploy.0 = Release|ARM
		{789E5B13-AAA6-45B0-97C4-877690270ED8}.Ad-Hoc|iPhone.ActiveCfg = Release|x86
		{789E5B13-AAA6-45B0-97C4-877690270ED8}.Ad-Hoc|iPhone.Build.0 = Release|x86
		{789E5B13-AAA6-45B0-97C4-877690270ED8}.Ad-Hoc|iPhone.Deploy.0 = Release|x86
		{789E5B13-AAA6-45B0-97C4-877690270ED8}.Ad-Hoc|iPhoneSimulator.ActiveCfg = Release|x86
		{789E5B13-AAA6-45B0-97C4-877690270ED8}.Ad-Hoc|iPhoneSimulator.Build.0 = Release|x86
		{789E5B13-AAA6-45B0-97C4-877690270ED8}.Ad-Hoc|iPhoneSimulator.Deploy.0 = Release|x86
		{789E5B13-AAA6-45B0-97C4-877690270ED8}.Ad-Hoc|x64.ActiveCfg = Release|x64
		{789E5B13-AAA6-45B0-97C4-877690270ED8}.Ad-Hoc|x64.Build.0 = Release|x64
		{789E5B13-AAA6-45B0-97C4-877690270ED8}.Ad-Hoc|x64.Deploy.0 = Release|x64
		{789E5B13-AAA6-45B0-97C4-877690270ED8}.Ad-Hoc|x86.ActiveCfg = Release|x86
		{789E5B13-AAA6-45B0-97C4-877690270ED8}.Ad-Hoc|x86.Build.0 = Release|x86
		{789E5B13-AAA6-45B0-97C4-877690270ED8}.Ad-Hoc|x86.Deploy.0 = Release|x86
		{789E5B13-AAA6-45B0-97C4-877690270ED8}.AppStore|Any CPU.ActiveCfg = Release|x86
		{789E5B13-AAA6-45B0-97C4-877690270ED8}.AppStore|Any CPU.Build.0 = Release|x86
		{789E5B13-AAA6-45B0-97C4-877690270ED8}.AppStore|Any CPU.Deploy.0 = Release|x86
		{789E5B13-AAA6-45B0-97C4-877690270ED8}.AppStore|ARM.ActiveCfg = Release|ARM
		{789E5B13-AAA6-45B0-97C4-877690270ED8}.AppStore|ARM.Build.0 = Release|ARM
		{789E5B13-AAA6-45B0-97C4-877690270ED8}.AppStore|ARM.Deploy.0 = Release|ARM
		{789E5B13-AAA6-45B0-97C4-877690270ED8}.AppStore|iPhone.ActiveCfg = Release|x86
		{789E5B13-AAA6-45B0-97C4-877690270ED8}.AppStore|iPhone.Build.0 = Release|x86
		{789E5B13-AAA6-45B0-97C4-877690270ED8}.AppStore|iPhone.Deploy.0 = Release|x86
		{789E5B13-AAA6-45B0-97C4-877690270ED8}.AppStore|iPhoneSimulator.ActiveCfg = Release|x86
		{789E5B13-AAA6-45B0-97C4-877690270ED8}.AppStore|iPhoneSimulator.Build.0 = Release|x86
		{789E5B13-AAA6-45B0-97C4-877690270ED8}.AppStore|iPhoneSimulator.Deploy.0 = Release|x86
		{789E5B13-AAA6-45B0-97C4-877690270ED8}.AppStore|x64.ActiveCfg = Release|x64
		{789E5B13-AAA6-45B0-97C4-877690270ED8}.AppStore|x64.Build.0 = Release|x64
		{789E5B13-AAA6-45B0-97C4-877690270ED8}.AppStore|x64.Deploy.0 = Release|x64
		{789E5B13-AAA6-45B0-97C4-877690270ED8}.AppStore|x86.ActiveCfg = Release|x86
		{789E5B13-AAA6-45B0-97C4-877690270ED8}.AppStore|x86.Build.0 = Release|x86
		{789E5B13-AAA6-45B0-97C4-877690270ED8}.AppStore|x86.Deploy.0 = Release|x86
		{789E5B13-AAA6-45B0-97C4-877690270ED8}.Debug|Any CPU.ActiveCfg = Debug|x86
		{789E5B13-AAA6-45B0-97C4-877690270ED8}.Debug|Any CPU.Build.0 = Debug|x86
		{789E5B13-AAA6-45B0-97C4-877690270ED8}.Debug|Any CPU.Deploy.0 = Debug|x86
		{789E5B13-AAA6-45B0-97C4-877690270ED8}.Debug|ARM.ActiveCfg = Debug|ARM
		{789E5B13-AAA6-45B0-97C4-877690270ED8}.Debug|ARM.Build.0 = Debug|ARM
		{789E5B13-AAA6-45B0-97C4-877690270ED8}.Debug|ARM.Deploy.0 = Debug|ARM
		{789E5B13-AAA6-45B0-97C4-877690270ED8}.Debug|iPhone.ActiveCfg = Debug|x86
		{789E5B13-AAA6-45B0-97C4-877690270ED8}.Debug|iPhoneSimulator.ActiveCfg = Debug|x86
		{789E5B13-AAA6-45B0-97C4-877690270ED8}.Debug|x64.ActiveCfg = Debug|x64
		{789E5B13-AAA6-45B0-97C4-877690270ED8}.Debug|x64.Build.0 = Debug|x64
		{789E5B13-AAA6-45B0-97C4-877690270ED8}.Debug|x64.Deploy.0 = Debug|x64
		{789E5B13-AAA6-45B0-97C4-877690270ED8}.Debug|x86.ActiveCfg = Debug|x86
		{789E5B13-AAA6-45B0-97C4-877690270ED8}.Debug|x86.Build.0 = Debug|x86
		{789E5B13-AAA6-45B0-97C4-877690270ED8}.Debug|x86.Deploy.0 = Debug|x86
		{789E5B13-AAA6-45B0-97C4-877690270ED8}.Release|Any CPU.ActiveCfg = Release|x86
		{789E5B13-AAA6-45B0-97C4-877690270ED8}.Release|ARM.ActiveCfg = Release|ARM
		{789E5B13-AAA6-45B0-97C4-877690270ED8}.Release|ARM.Build.0 = Release|ARM
		{789E5B13-AAA6-45B0-97C4-877690270ED8}.Release|ARM.Deploy.0 = Release|ARM
		{789E5B13-AAA6-45B0-97C4-877690270ED8}.Release|iPhone.ActiveCfg = Release|x86
		{789E5B13-AAA6-45B0-97C4-877690270ED8}.Release|iPhoneSimulator.ActiveCfg = Release|x86
		{789E5B13-AAA6-45B0-97C4-877690270ED8}.Release|x64.ActiveCfg = Release|x64
		{789E5B13-AAA6-45B0-97C4-877690270ED8}.Release|x64.Build.0 = Release|x64
		{789E5B13-AAA6-45B0-97C4-877690270ED8}.Release|x64.Deploy.0 = Release|x64
		{789E5B13-AAA6-45B0-97C4-877690270ED8}.Release|x86.ActiveCfg = Release|x86
		{789E5B13-AAA6-45B0-97C4-877690270ED8}.Release|x86.Build.0 = Release|x86
		{789E5B13-AAA6-45B0-97C4-877690270ED8}.Release|x86.Deploy.0 = Release|x86
		{1793FDAE-B9ED-4801-932E-019DED38F8DE}.Ad-Hoc|Any CPU.ActiveCfg = Ad-Hoc|iPhone
		{1793FDAE-B9ED-4801-932E-019DED38F8DE}.Ad-Hoc|ARM.ActiveCfg = Ad-Hoc|iPhone
		{1793FDAE-B9ED-4801-932E-019DED38F8DE}.Ad-Hoc|iPhone.ActiveCfg = Ad-Hoc|iPhone
		{1793FDAE-B9ED-4801-932E-019DED38F8DE}.Ad-Hoc|iPhone.Build.0 = Ad-Hoc|iPhone
		{1793FDAE-B9ED-4801-932E-019DED38F8DE}.Ad-Hoc|iPhoneSimulator.ActiveCfg = Ad-Hoc|iPhoneSimulator
		{1793FDAE-B9ED-4801-932E-019DED38F8DE}.Ad-Hoc|iPhoneSimulator.Build.0 = Ad-Hoc|iPhoneSimulator
		{1793FDAE-B9ED-4801-932E-019DED38F8DE}.Ad-Hoc|x64.ActiveCfg = Ad-Hoc|iPhone
		{1793FDAE-B9ED-4801-932E-019DED38F8DE}.Ad-Hoc|x86.ActiveCfg = Ad-Hoc|iPhone
		{1793FDAE-B9ED-4801-932E-019DED38F8DE}.AppStore|Any CPU.ActiveCfg = AppStore|iPhone
		{1793FDAE-B9ED-4801-932E-019DED38F8DE}.AppStore|ARM.ActiveCfg = AppStore|iPhone
		{1793FDAE-B9ED-4801-932E-019DED38F8DE}.AppStore|iPhone.ActiveCfg = AppStore|iPhone
		{1793FDAE-B9ED-4801-932E-019DED38F8DE}.AppStore|iPhone.Build.0 = AppStore|iPhone
		{1793FDAE-B9ED-4801-932E-019DED38F8DE}.AppStore|iPhoneSimulator.ActiveCfg = AppStore|iPhoneSimulator
		{1793FDAE-B9ED-4801-932E-019DED38F8DE}.AppStore|iPhoneSimulator.Build.0 = AppStore|iPhoneSimulator
		{1793FDAE-B9ED-4801-932E-019DED38F8DE}.AppStore|x64.ActiveCfg = AppStore|iPhone
		{1793FDAE-B9ED-4801-932E-019DED38F8DE}.AppStore|x86.ActiveCfg = AppStore|iPhone
		{1793FDAE-B9ED-4801-932E-019DED38F8DE}.Debug|Any CPU.ActiveCfg = Debug|iPhone
		{1793FDAE-B9ED-4801-932E-019DED38F8DE}.Debug|Any CPU.Build.0 = Debug|iPhone
		{1793FDAE-B9ED-4801-932E-019DED38F8DE}.Debug|ARM.ActiveCfg = Debug|iPhone
		{1793FDAE-B9ED-4801-932E-019DED38F8DE}.Debug|iPhone.ActiveCfg = Debug|iPhone
		{1793FDAE-B9ED-4801-932E-019DED38F8DE}.Debug|iPhone.Build.0 = Debug|iPhone
		{1793FDAE-B9ED-4801-932E-019DED38F8DE}.Debug|iPhoneSimulator.ActiveCfg = Debug|iPhoneSimulator
		{1793FDAE-B9ED-4801-932E-019DED38F8DE}.Debug|iPhoneSimulator.Build.0 = Debug|iPhoneSimulator
		{1793FDAE-B9ED-4801-932E-019DED38F8DE}.Debug|x64.ActiveCfg = Debug|iPhone
		{1793FDAE-B9ED-4801-932E-019DED38F8DE}.Debug|x86.ActiveCfg = Debug|iPhone
		{1793FDAE-B9ED-4801-932E-019DED38F8DE}.Release|Any CPU.ActiveCfg = Release|iPhone
		{1793FDAE-B9ED-4801-932E-019DED38F8DE}.Release|ARM.ActiveCfg = Release|iPhone
		{1793FDAE-B9ED-4801-932E-019DED38F8DE}.Release|iPhone.ActiveCfg = Release|iPhone
		{1793FDAE-B9ED-4801-932E-019DED38F8DE}.Release|iPhone.Build.0 = Release|iPhone
		{1793FDAE-B9ED-4801-932E-019DED38F8DE}.Release|iPhoneSimulator.ActiveCfg = Release|iPhoneSimulator
		{1793FDAE-B9ED-4801-932E-019DED38F8DE}.Release|iPhoneSimulator.Build.0 = Release|iPhoneSimulator
		{1793FDAE-B9ED-4801-932E-019DED38F8DE}.Release|x64.ActiveCfg = Release|iPhone
		{1793FDAE-B9ED-4801-932E-019DED38F8DE}.Release|x86.ActiveCfg = Release|iPhone
	EndGlobalSection
	GlobalSection(SolutionProperties) = preSolution
		HideSolutionNode = FALSE
	EndGlobalSection
EndGlobal
